<?xml version="1.0" encoding="utf-8"?>
<Project ToolsVersion="4.0" xmlns="http://schemas.microsoft.com/developer/msbuild/2003">
  <ItemGroup>
    <Filter Include="Source Files">
      <UniqueIdentifier>{4FC737F1-C7A5-4376-A066-2A32D752A2FF}</UniqueIdentifier>
      <Extensions>cpp;c;cc;cxx;def;odl;idl;hpj;bat;asm;asmx</Extensions>
    </Filter>
    <Filter Include="Header Files">
      <UniqueIdentifier>{93995380-89BD-4b04-88EB-625FBE52EBFB}</UniqueIdentifier>
      <Extensions>h;hh;hpp;hxx;hm;inl;inc;ipp;xsd</Extensions>
    </Filter>
    <Filter Include="Resource Files">
      <UniqueIdentifier>{67DA6AB6-F800-4c08-8B7A-83BB121AAD01}</UniqueIdentifier>
      <Extensions>rc;ico;cur;bmp;dlg;rc2;rct;bin;rgs;gif;jpg;jpeg;jpe;resx;tiff;tif;png;wav;mfcribbon-ms</Extensions>
    </Filter>
    <Filter Include="Header Files\HashTable">
      <UniqueIdentifier>{8d1cdd45-95d3-41c4-b0a9-ef4635be05b5}</UniqueIdentifier>
    </Filter>
    <Filter Include="Header Files\MyType">
      <UniqueIdentifier>{a5596f2b-9a87-4226-a4b4-9953ea4522bc}</UniqueIdentifier>
    </Filter>
    <Filter Include="Header Files\HashTable\HashTableElem">
      <UniqueIdentifier>{7118aaab-b07b-497e-a671-4802b96401be}</UniqueIdentifier>
    </Filter>
    <Filter Include="Source Files\MyType">
      <UniqueIdentifier>{c3805b72-e410-4c8f-9ad9-317cc95a1901}</UniqueIdentifier>
    </Filter>
  </ItemGroup>
  <ItemGroup>
    <ClCompile Include="Source_1.cpp">
      <Filter>Source Files</Filter>
    </ClCompile>
    <ClCompile Include="OOP_Architecture\Branch.cpp">
      <Filter>Source Files\MyType</Filter>
    </ClCompile>
    <ClCompile Include="OOP_Architecture\Product.cpp">
      <Filter>Source Files\MyType</Filter>
    </ClCompile>
  </ItemGroup>
  <ItemGroup>
    <ClInclude Include="HashTable\Hasher.h">
      <Filter>Header Files\HashTable</Filter>
    </ClInclude>
    <ClInclude Include="HashTable\HashMap.h">
      <Filter>Header Files\HashTable</Filter>
    </ClInclude>
    <ClInclude Include="HashTable\HashTableElem\HashNode.h">
      <Filter>Header Files\HashTable\HashTableElem</Filter>
    </ClInclude>
    <ClInclude Include="OOP_Architecture\Branch.h">
      <Filter>Header Files\MyType</Filter>
    </ClInclude>
    <ClInclude Include="OOP_Architecture\Product.h">
      <Filter>Header Files\MyType</Filter>
    </ClInclude>
  </ItemGroup>
</Project>